# THIS IS AN AUTOGENERATED FILE. DO NOT EDIT THIS FILE DIRECTLY.
# yarn lockfile v1


"@presscommandz/js-data-structure@../../":
  version "0.2.0"
  dependencies:
    "@rollup/plugin-alias" "^3.1.4"

"@rollup/plugin-alias@^3.1.4":
  version "3.1.4"
  resolved "https://registry.yarnpkg.com/@rollup/plugin-alias/-/plugin-alias-3.1.4.tgz#47774f4ff0eab5937f7acb392cf2b89921f03b7d"
  integrity sha512-9YN5h0bWlYFV0zpXwwAWGPUWh/A+kkoCqwrMb43LnuGfhnQqOjsGR+5uh4LGpAZbBBj8qR1Hno6CZadZs7hyCQ==
  dependencies:
    slash "^3.0.0"

slash@^3.0.0:
  version "3.0.0"
  resolved "https://registry.yarnpkg.com/slash/-/slash-3.0.0.tgz#6539be870c165adbd5240220dbe361f1bc4d4634"
  integrity sha512-g9Q1haeby36OSStwb4ntCGGGaKsaVSjQ68fBxoQcutl5fS1vuY18H3wSt3jFyFtrkx+Kz0V1G85A4MyAdDMi2Q==
